
Microsoft Visual Studio Solution File, Format Version 12.00
# Visual Studio Version 17
VisualStudioVersion = 17.5.33502.453
MinimumVisualStudioVersion = 10.0.40219.1
Project("{8BC9CEB8-8B4A-11D0-8D11-00A0C91BC942}") = "quicksort", "quicksort.vcxproj", "{9DBDEFC7-E47F-487E-8B01-A69F5B177619}"
EndProject
Global
	GlobalSection(SolutionConfigurationPlatforms) = preSolution
		Debug|x64 = Debug|x64
		Debug|x86 = Debug|x86
		Release|x64 = Release|x64
		Release|x86 = Release|x86
	EndGlobalSection
	GlobalSection(ProjectConfigurationPlatforms) = postSolution
		{9DBDEFC7-E47F-487E-8B01-A69F5B177619}.Debug|x64.ActiveCfg = Debug|x64
		{9DBDEFC7-E47F-487E-8B01-A69F5B177619}.Debug|x64.Build.0 = Debug|x64
		{9DBDEFC7-E47F-487E-8B01-A69F5B177619}.Debug|x86.ActiveCfg = Debug|Win32
		{9DBDEFC7-E47F-487E-8B01-A69F5B177619}.Debug|x86.Build.0 = Debug|Win32
		{9DBDEFC7-E47F-487E-8B01-A69F5B177619}.Release|x64.ActiveCfg = Release|x64
		{9DBDEFC7-E47F-487E-8B01-A69F5B177619}.Release|x64.Build.0 = Release|x64
		{9DBDEFC7-E47F-487E-8B01-A69F5B177619}.Release|x86.ActiveCfg = Release|Win32
		{9DBDEFC7-E47F-487E-8B01-A69F5B177619}.Release|x86.Build.0 = Release|Win32
	EndGlobalSection
	GlobalSection(SolutionProperties) = preSolution
		HideSolutionNode = FALSE
	EndGlobalSection
	GlobalSection(ExtensibilityGlobals) = postSolution
		SolutionGuid = {4D67FF22-6ACC-4FB1-B007-303CDFAB6CF2}
	EndGlobalSection
EndGlobal
